{
  "nodes": {
    "angeldust-nixCats": {
      "inputs": {
        "bacon": "bacon",
        "bacon-ls": "bacon-ls",
        "fenix": "fenix",
        "neovim-nightly-overlay": "neovim-nightly-overlay",
        "nixCats": "nixCats",
        "nixpkgs": "nixpkgs_4",
        "nvim-treesitter-main": "nvim-treesitter-main",
        "plugins-blink-cmp-copilot": "plugins-blink-cmp-copilot",
        "plugins-tiny-inline-diagnostic": "plugins-tiny-inline-diagnostic"
      },
      "locked": {
        "lastModified": 1766625489,
        "narHash": "sha256-oUxwLkICuyYsisiKkyJEoFw7FikJXlMyJORwAuKJCbY=",
        "owner": "meflove",
        "repo": "angeldust-nixCats",
        "rev": "b8c61e9db0658aa03544427dacda813874a81491",
        "type": "github"
      },
      "original": {
        "owner": "meflove",
        "repo": "angeldust-nixCats",
        "type": "github"
      }
    },
    "bacon": {
      "inputs": {
        "flake-utils": "flake-utils",
        "naersk": "naersk",
        "nixpkgs": [
          "angeldust-nixCats",
          "nixpkgs"
        ]
      },
      "locked": {
        "lastModified": 1765994626,
        "narHash": "sha256-GVK5WnYFzC5QERJag0LJ7EeWoX7NxSlwJwCOf/B/oMo=",
        "owner": "Canop",
        "repo": "bacon",
        "rev": "e58741cccce96803f9d83d765fad879629ddafa7",
        "type": "github"
      },
      "original": {
        "owner": "Canop",
        "repo": "bacon",
        "type": "github"
      }
    },
    "bacon-ls": {
      "inputs": {
        "flake-utils": "flake-utils_2",
        "naersk": "naersk_2",
        "nixpkgs": [
          "angeldust-nixCats",
          "nixpkgs"
        ]
      },
      "locked": {
        "lastModified": 1766048685,
        "narHash": "sha256-Ib84JQ/5uGsV2InY5Td2xTimlj0Bc59OOKtJGHyeQao=",
        "owner": "crisidev",
        "repo": "bacon-ls",
        "rev": "02e04c2949722ecb94027cca5d45525b44261464",
        "type": "github"
      },
      "original": {
        "owner": "crisidev",
        "repo": "bacon-ls",
        "type": "github"
      }
    },
    "fenix": {
      "inputs": {
        "nixpkgs": [
          "angeldust-nixCats",
          "nixpkgs"
        ],
        "rust-analyzer-src": "rust-analyzer-src"
      },
      "locked": {
        "lastModified": 1766559022,
        "narHash": "sha256-oKKC0COOyTNcd4n3MN05pujpsDM3GJQTdl2KiCE4p8k=",
        "owner": "nix-community",
        "repo": "fenix",
        "rev": "6dd4c9c01030e9910751dd201600191a22edbb1b",
        "type": "github"
      },
      "original": {
        "owner": "nix-community",
        "repo": "fenix",
        "type": "github"
      }
    },
    "firefox-addons": {
      "inputs": {
        "nixpkgs": [
          "textfox",
          "nixpkgs"
        ]
      },
      "locked": {
        "dir": "pkgs/firefox-addons",
        "lastModified": 1754512310,
        "narHash": "sha256-gXE5lTYMOhpDJo+siLXW/3BzySPmLMD12GVB1QFVbyw=",
        "owner": "rycee",
        "repo": "nur-expressions",
        "rev": "2008f9aa7a5ccde48bfc1de5a919be5898da09c2",
        "type": "gitlab"
      },
      "original": {
        "dir": "pkgs/firefox-addons",
        "owner": "rycee",
        "repo": "nur-expressions",
        "type": "gitlab"
      }
    },
    "flake-parts": {
      "inputs": {
        "nixpkgs-lib": [
          "angeldust-nixCats",
          "neovim-nightly-overlay",
          "nixpkgs"
        ]
      },
      "locked": {
        "lastModified": 1765835352,
        "narHash": "sha256-XswHlK/Qtjasvhd1nOa1e8MgZ8GS//jBoTqWtrS1Giw=",
        "owner": "hercules-ci",
        "repo": "flake-parts",
        "rev": "a34fae9c08a15ad73f295041fec82323541400a9",
        "type": "github"
      },
      "original": {
        "owner": "hercules-ci",
        "repo": "flake-parts",
        "type": "github"
      }
    },
    "flake-parts_2": {
      "inputs": {
        "nixpkgs-lib": [
          "nur",
          "nixpkgs"
        ]
      },
      "locked": {
        "lastModified": 1733312601,
        "narHash": "sha256-4pDvzqnegAfRkPwO3wmwBhVi/Sye1mzps0zHWYnP88c=",
        "owner": "hercules-ci",
        "repo": "flake-parts",
        "rev": "205b12d8b7cd4802fbcb8e8ef6a0f1408781a4f9",
        "type": "github"
      },
      "original": {
        "owner": "hercules-ci",
        "repo": "flake-parts",
        "type": "github"
      }
    },
    "flake-utils": {
      "inputs": {
        "systems": "systems"
      },
      "locked": {
        "lastModified": 1731533236,
        "narHash": "sha256-l0KFg5HjrsfsO/JpG+r7fRrqm12kzFHyUHqHCVpMMbI=",
        "owner": "numtide",
        "repo": "flake-utils",
        "rev": "11707dc2f618dd54ca8739b309ec4fc024de578b",
        "type": "github"
      },
      "original": {
        "owner": "numtide",
        "repo": "flake-utils",
        "type": "github"
      }
    },
    "flake-utils_2": {
      "inputs": {
        "systems": "systems_2"
      },
      "locked": {
        "lastModified": 1731533236,
        "narHash": "sha256-l0KFg5HjrsfsO/JpG+r7fRrqm12kzFHyUHqHCVpMMbI=",
        "owner": "numtide",
        "repo": "flake-utils",
        "rev": "11707dc2f618dd54ca8739b309ec4fc024de578b",
        "type": "github"
      },
      "original": {
        "owner": "numtide",
        "repo": "flake-utils",
        "type": "github"
      }
    },
    "home-manager": {
      "inputs": {
        "nixpkgs": [
          "nixpkgs"
        ]
      },
      "locked": {
        "lastModified": 1765979862,
        "narHash": "sha256-/r9/1KamvbHJx6I40H4HsSXnEcBAkj46ZwibhBx9kg0=",
        "owner": "nix-community",
        "repo": "home-manager",
        "rev": "d3135ab747fd9dac250ffb90b4a7e80634eacbe9",
        "type": "github"
      },
      "original": {
        "owner": "nix-community",
        "ref": "release-25.11",
        "repo": "home-manager",
        "type": "github"
      }
    },
    "naersk": {
      "inputs": {
        "nixpkgs": "nixpkgs"
      },
      "locked": {
        "lastModified": 1736429655,
        "narHash": "sha256-BwMekRuVlSB9C0QgwKMICiJ5EVbLGjfe4qyueyNQyGI=",
        "owner": "nix-community",
        "repo": "naersk",
        "rev": "0621e47bd95542b8e1ce2ee2d65d6a1f887a13ce",
        "type": "github"
      },
      "original": {
        "owner": "nix-community",
        "repo": "naersk",
        "type": "github"
      }
    },
    "naersk_2": {
      "inputs": {
        "nixpkgs": "nixpkgs_2"
      },
      "locked": {
        "lastModified": 1743800763,
        "narHash": "sha256-YFKV+fxEpMgP5VsUcM6Il28lI0NlpM7+oB1XxbBAYCw=",
        "owner": "nix-community",
        "repo": "naersk",
        "rev": "ed0232117731a4c19d3ee93aa0c382a8fe754b01",
        "type": "github"
      },
      "original": {
        "owner": "nix-community",
        "repo": "naersk",
        "type": "github"
      }
    },
    "neovim-nightly-overlay": {
      "inputs": {
        "flake-parts": "flake-parts",
        "neovim-src": "neovim-src",
        "nixpkgs": "nixpkgs_3"
      },
      "locked": {
        "lastModified": 1766621101,
        "narHash": "sha256-5pj5jTGKFJ2xYHYVzDMh3MGufqX4R56QRZ5yQZyWfGQ=",
        "owner": "nix-community",
        "repo": "neovim-nightly-overlay",
        "rev": "ef3ea2815883500f982a84af81e61a13fb601bb4",
        "type": "github"
      },
      "original": {
        "owner": "nix-community",
        "repo": "neovim-nightly-overlay",
        "type": "github"
      }
    },
    "neovim-src": {
      "flake": false,
      "locked": {
        "lastModified": 1766558520,
        "narHash": "sha256-hlpyP59PTtQmyCDRX+XCYReXOBtfUSkX88A5nlfmu6g=",
        "owner": "neovim",
        "repo": "neovim",
        "rev": "ce7ed53fbae3ebc643bce5ad8aa94c20ebc19b25",
        "type": "github"
      },
      "original": {
        "owner": "neovim",
        "repo": "neovim",
        "type": "github"
      }
    },
    "nixCats": {
      "locked": {
        "lastModified": 1765766809,
        "narHash": "sha256-3Xp41+Sb1zIzASa1Uu1k1RMUoJ9CGyYb0GtvvpRPBqg=",
        "owner": "BirdeeHub",
        "repo": "nixCats-nvim",
        "rev": "fe157e3ed69ed14b55ca81f597eac282caed58a2",
        "type": "github"
      },
      "original": {
        "owner": "BirdeeHub",
        "repo": "nixCats-nvim",
        "type": "github"
      }
    },
    "nixpkgs": {
      "locked": {
        "lastModified": 1736320768,
        "narHash": "sha256-nIYdTAiKIGnFNugbomgBJR+Xv5F1ZQU+HfaBqJKroC0=",
        "owner": "NixOS",
        "repo": "nixpkgs",
        "rev": "4bc9c909d9ac828a039f288cf872d16d38185db8",
        "type": "github"
      },
      "original": {
        "id": "nixpkgs",
        "type": "indirect"
      }
    },
    "nixpkgs-unstable": {
      "locked": {
        "lastModified": 1765779637,
        "narHash": "sha256-KJ2wa/BLSrTqDjbfyNx70ov/HdgNBCBBSQP3BIzKnv4=",
        "owner": "NixOS",
        "repo": "nixpkgs",
        "rev": "1306659b587dc277866c7b69eb97e5f07864d8c4",
        "type": "github"
      },
      "original": {
        "owner": "NixOS",
        "ref": "nixos-unstable",
        "repo": "nixpkgs",
        "type": "github"
      }
    },
    "nixpkgs_2": {
      "locked": {
        "lastModified": 1745377448,
        "narHash": "sha256-jhZDfXVKdD7TSEGgzFJQvEEZ2K65UMiqW5YJ2aIqxMA=",
        "owner": "NixOS",
        "repo": "nixpkgs",
        "rev": "507b63021ada5fee621b6ca371c4fca9ca46f52c",
        "type": "github"
      },
      "original": {
        "owner": "NixOS",
        "ref": "nixpkgs-unstable",
        "repo": "nixpkgs",
        "type": "github"
      }
    },
    "nixpkgs_3": {
      "locked": {
        "lastModified": 1766532406,
        "narHash": "sha256-acLU/ag9VEoKkzOD202QASX25nG1eArXg5A0mHjKgxM=",
        "owner": "NixOS",
        "repo": "nixpkgs",
        "rev": "8142186f001295e5a3239f485c8a49bf2de2695a",
        "type": "github"
      },
      "original": {
        "owner": "NixOS",
        "ref": "nixpkgs-unstable",
        "repo": "nixpkgs",
        "type": "github"
      }
    },
    "nixpkgs_4": {
      "locked": {
        "lastModified": 1766532406,
        "narHash": "sha256-acLU/ag9VEoKkzOD202QASX25nG1eArXg5A0mHjKgxM=",
        "owner": "nixos",
        "repo": "nixpkgs",
        "rev": "8142186f001295e5a3239f485c8a49bf2de2695a",
        "type": "github"
      },
      "original": {
        "owner": "nixos",
        "ref": "nixpkgs-unstable",
        "repo": "nixpkgs",
        "type": "github"
      }
    },
    "nixpkgs_5": {
      "locked": {
        "lastModified": 1766070988,
        "narHash": "sha256-G/WVghka6c4bAzMhTwT2vjLccg/awmHkdKSd2JrycLc=",
        "owner": "nixos",
        "repo": "nixpkgs",
        "rev": "c6245e83d836d0433170a16eb185cefe0572f8b8",
        "type": "github"
      },
      "original": {
        "owner": "nixos",
        "ref": "nixos-unstable",
        "repo": "nixpkgs",
        "type": "github"
      }
    },
    "nixpkgs_6": {
      "locked": {
        "lastModified": 1765838191,
        "narHash": "sha256-m5KWt1nOm76ILk/JSCxBM4MfK3rYY7Wq9/TZIIeGnT8=",
        "owner": "NixOS",
        "repo": "nixpkgs",
        "rev": "c6f52ebd45e5925c188d1a20119978aa4ffd5ef6",
        "type": "github"
      },
      "original": {
        "id": "nixpkgs",
        "ref": "nixos-25.11",
        "type": "indirect"
      }
    },
    "nixpkgs_7": {
      "locked": {
        "lastModified": 1765779637,
        "narHash": "sha256-KJ2wa/BLSrTqDjbfyNx70ov/HdgNBCBBSQP3BIzKnv4=",
        "owner": "nixos",
        "repo": "nixpkgs",
        "rev": "1306659b587dc277866c7b69eb97e5f07864d8c4",
        "type": "github"
      },
      "original": {
        "owner": "nixos",
        "ref": "nixos-unstable",
        "repo": "nixpkgs",
        "type": "github"
      }
    },
    "nixpkgs_8": {
      "locked": {
        "lastModified": 1765472234,
        "narHash": "sha256-9VvC20PJPsleGMewwcWYKGzDIyjckEz8uWmT0vCDYK0=",
        "owner": "NixOS",
        "repo": "nixpkgs",
        "rev": "2fbfb1d73d239d2402a8fe03963e37aab15abe8b",
        "type": "github"
      },
      "original": {
        "owner": "NixOS",
        "ref": "nixos-unstable",
        "repo": "nixpkgs",
        "type": "github"
      }
    },
    "nixpkgs_9": {
      "locked": {
        "lastModified": 1728492678,
        "narHash": "sha256-9UTxR8eukdg+XZeHgxW5hQA9fIKHsKCdOIUycTryeVw=",
        "owner": "nixos",
        "repo": "nixpkgs",
        "rev": "5633bcff0c6162b9e4b5f1264264611e950c8ec7",
        "type": "github"
      },
      "original": {
        "owner": "nixos",
        "ref": "nixos-unstable",
        "repo": "nixpkgs",
        "type": "github"
      }
    },
    "nur": {
      "inputs": {
        "flake-parts": "flake-parts_2",
        "nixpkgs": "nixpkgs_7"
      },
      "locked": {
        "lastModified": 1766107879,
        "narHash": "sha256-y2fMDCEv8ZnO2pQ23IYnS3BFkUBAR86cJt2woxJpL8c=",
        "owner": "nix-community",
        "repo": "NUR",
        "rev": "34efce9cc0b5d5fb5a464c7cc27b75fd1a063685",
        "type": "github"
      },
      "original": {
        "owner": "nix-community",
        "repo": "NUR",
        "type": "github"
      }
    },
    "nvim-treesitter": {
      "flake": false,
      "locked": {
        "lastModified": 1766230815,
        "narHash": "sha256-+2PF6Q2uwRs/gbhKvR4jF8rYhe0HoZfwMwZCoZinp/o=",
        "owner": "nvim-treesitter",
        "repo": "nvim-treesitter",
        "rev": "8cdffc6d334731ce3703b6d870a5a34fd878208a",
        "type": "github"
      },
      "original": {
        "owner": "nvim-treesitter",
        "ref": "main",
        "repo": "nvim-treesitter",
        "type": "github"
      }
    },
    "nvim-treesitter-main": {
      "inputs": {
        "nixpkgs": "nixpkgs_5",
        "nvim-treesitter": "nvim-treesitter",
        "nvim-treesitter-textobjects": "nvim-treesitter-textobjects"
      },
      "locked": {
        "lastModified": 1766296113,
        "narHash": "sha256-s6bymukQTFg6kAsgogwbCda+Fe+Su3T9rJE0xZ8s9R0=",
        "owner": "iofq",
        "repo": "nvim-treesitter-main",
        "rev": "5ca3b0dd2d3d00fb597ba8c316eb3ca79ea17fbc",
        "type": "github"
      },
      "original": {
        "owner": "iofq",
        "repo": "nvim-treesitter-main",
        "type": "github"
      }
    },
    "nvim-treesitter-textobjects": {
      "flake": false,
      "locked": {
        "lastModified": 1766243280,
        "narHash": "sha256-hbVwqoo0WRTVKIhsG5N6IXnmOVrrQzGuE4x0rEMYro0=",
        "owner": "nvim-treesitter",
        "repo": "nvim-treesitter-textobjects",
        "rev": "e91c585ac0ee760198dabc1fad2e6227effdcd5e",
        "type": "github"
      },
      "original": {
        "owner": "nvim-treesitter",
        "ref": "main",
        "repo": "nvim-treesitter-textobjects",
        "type": "github"
      }
    },
    "plugins-blink-cmp-copilot": {
      "flake": false,
      "locked": {
        "lastModified": 1740130987,
        "narHash": "sha256-xEGAXv41UX9GUybCSzDODkhgdEd4cclBXl0k4UBmFbs=",
        "owner": "giuxtaposition",
        "repo": "blink-cmp-copilot",
        "rev": "439cff78780c033aa23cf061d7315314b347e3c1",
        "type": "github"
      },
      "original": {
        "owner": "giuxtaposition",
        "repo": "blink-cmp-copilot",
        "type": "github"
      }
    },
    "plugins-tiny-inline-diagnostic": {
      "flake": false,
      "locked": {
        "lastModified": 1765659465,
        "narHash": "sha256-a02xzN73VM4kewaEI5qR2oPcZDjOB0OmLk4SsHrLihE=",
        "owner": "rachartier",
        "repo": "tiny-inline-diagnostic.nvim",
        "rev": "d9d12d4bfb9a4c5b8b8bdf7f612551df6972946c",
        "type": "github"
      },
      "original": {
        "owner": "rachartier",
        "repo": "tiny-inline-diagnostic.nvim",
        "type": "github"
      }
    },
    "root": {
      "inputs": {
        "angeldust-nixCats": "angeldust-nixCats",
        "home-manager": "home-manager",
        "nixpkgs": "nixpkgs_6",
        "nixpkgs-unstable": "nixpkgs-unstable",
        "nur": "nur",
        "spicetify-nix": "spicetify-nix",
        "textfox": "textfox"
      }
    },
    "rust-analyzer-src": {
      "flake": false,
      "locked": {
        "lastModified": 1766521909,
        "narHash": "sha256-QmQmEPnxgF0nTfnbaT2bCcDBiazhVyPxOH0LOoShG70=",
        "owner": "rust-lang",
        "repo": "rust-analyzer",
        "rev": "be7d98ab08f6122023c8b1e98f6c4f8857cf8aac",
        "type": "github"
      },
      "original": {
        "owner": "rust-lang",
        "ref": "nightly",
        "repo": "rust-analyzer",
        "type": "github"
      }
    },
    "spicetify-nix": {
      "inputs": {
        "nixpkgs": "nixpkgs_8",
        "systems": "systems_3"
      },
      "locked": {
        "lastModified": 1765687197,
        "narHash": "sha256-5aJgT+lEC7ypuAGE3DQLj3LzYDQ+kRG6MnkVr3ZF9RU=",
        "owner": "Gerg-L",
        "repo": "spicetify-nix",
        "rev": "fa6a5dde9d95bf7b8f075ff5aceeb1d97fa9043a",
        "type": "github"
      },
      "original": {
        "owner": "Gerg-L",
        "repo": "spicetify-nix",
        "type": "github"
      }
    },
    "systems": {
      "locked": {
        "lastModified": 1681028828,
        "narHash": "sha256-Vy1rq5AaRuLzOxct8nz4T6wlgyUR7zLU309k9mBC768=",
        "owner": "nix-systems",
        "repo": "default",
        "rev": "da67096a3b9bf56a91d16901293e51ba5b49a27e",
        "type": "github"
      },
      "original": {
        "owner": "nix-systems",
        "repo": "default",
        "type": "github"
      }
    },
    "systems_2": {
      "locked": {
        "lastModified": 1681028828,
        "narHash": "sha256-Vy1rq5AaRuLzOxct8nz4T6wlgyUR7zLU309k9mBC768=",
        "owner": "nix-systems",
        "repo": "default",
        "rev": "da67096a3b9bf56a91d16901293e51ba5b49a27e",
        "type": "github"
      },
      "original": {
        "owner": "nix-systems",
        "repo": "default",
        "type": "github"
      }
    },
    "systems_3": {
      "locked": {
        "lastModified": 1681028828,
        "narHash": "sha256-Vy1rq5AaRuLzOxct8nz4T6wlgyUR7zLU309k9mBC768=",
        "owner": "nix-systems",
        "repo": "default",
        "rev": "da67096a3b9bf56a91d16901293e51ba5b49a27e",
        "type": "github"
      },
      "original": {
        "owner": "nix-systems",
        "repo": "default",
        "type": "github"
      }
    },
    "textfox": {
      "inputs": {
        "firefox-addons": "firefox-addons",
        "nixpkgs": "nixpkgs_9"
      },
      "locked": {
        "lastModified": 1763730250,
        "narHash": "sha256-OPlKRltdA2iIm70Nw/kWt5FnwxR1xmxC44tqGUX7Hro=",
        "owner": "adriankarlen",
        "repo": "textfox",
        "rev": "2f385d16abab56984b874627ca0dd4f3ca7ae4ac",
        "type": "github"
      },
      "original": {
        "owner": "adriankarlen",
        "repo": "textfox",
        "type": "github"
      }
    }
  },
  "root": "root",
  "version": 7
}
